<Solution>
  <Folder Name="/docs/">
    <File Path="docs/docker-cli.md" />
    <File Path="docs/migrations.md" />
  </Folder>
  <Folder Name="/Solution Items/">
    <File Path="Directory.Build.props" />
    <File Path="Directory.Packages.props" />
  </Folder>
  <Folder Name="/src/">
    <Project Path="src/Contracts/Contracts.csproj" />
    <Project Path="src/Modules.Catalog/Modules.Catalog.csproj" />
    <Project Path="src/Modules.Identity/Modules.Identity.csproj" Id="dcf462b9-3ba4-439b-9728-08ea3be30036" />
    <Project Path="src/Modules.SignalR/Modules.SignalR.csproj" Id="db625dea-9a7a-4f12-ab45-dec161ed7fa0" />
  </Folder>
  <Folder Name="/src/client/">
    <Project Path="src/ClientApp/BlazorComponents/BlazorComponents.csproj" />
    <Project Path="src/ClientApp/BlazorServer/BlazorServer.csproj" />
    <Project Path="src/ClientApp/BlazorWebAssembly/BlazorWebAssembly.csproj" />
    <Project Path="src/ClientApp/HttpApi.Client/HttpApi.Client.csproj" />
  </Folder>
  <Folder Name="/src/host/">
    <Project Path="src/AppHost/AppHost.csproj" />
    <Project Path="src/Infrastructure/Infrastructure.csproj" />
    <Project Path="src/ServiceDefaults/ServiceDefaults.csproj" />
    <Project Path="src/Shared/Shared.csproj" />
    <Project Path="src/WebApi/WebApi.csproj" />
  </Folder>
  <Folder Name="/src/migrations/">
    <Project Path="src/Migrations/MSSQL/MSSQL.csproj" />
    <Project Path="src/Migrations/PostgreSQL/PostgreSQL.csproj" />
    <Project Path="src/Migrations/Sqlite/Sqlite.csproj" />
  </Folder>
  <Folder Name="/tests/">
    <Project Path="tests/Identity.Tests/Identity.Tests.csproj" />
    <Project Path="tests/Shared.Tests/Shared.Tests.csproj" />
  </Folder>
</Solution>
