
Microsoft Visual Studio Solution File, Format Version 12.00
# Visual Studio Version 18
VisualStudioVersion = 18.0.11205.157
MinimumVisualStudioVersion = 10.0.40219.1
Project("{2150E333-8FDC-42A3-9474-1A3956D46DE8}") = "src", "src", "{02EA681E-C7D8-13C7-8484-4AC65E1B71E8}"
EndProject
Project("{FAE04EC0-301F-11D3-BF4B-00C04F79EFBC}") = "Identity", "src\Identity\Identity.csproj", "{5999AC01-07C7-4585-A281-207A8C1C99BF}"
EndProject
Project("{2150E333-8FDC-42A3-9474-1A3956D46DE8}") = "Solution Items", "Solution Items", "{8EC462FD-D22E-90A8-E5CE-7E832BA40C5D}"
	ProjectSection(SolutionItems) = preProject
		Directory.Build.props = Directory.Build.props
		Directory.Packages.props = Directory.Packages.props
		ModularMonolith.nuspec = ModularMonolith.nuspec
		README.md = README.md
	EndProjectSection
EndProject
Project("{FAE04EC0-301F-11D3-BF4B-00C04F79EFBC}") = "Shared", "src\Shared\Shared.csproj", "{AA6664E0-01D1-40F7-AF9F-A8A6086791C4}"
EndProject
Project("{FAE04EC0-301F-11D3-BF4B-00C04F79EFBC}") = "Infrastructure", "src\Infrastructure\Infrastructure.csproj", "{3D745DFE-AF9A-E111-755D-FD3FFF280728}"
EndProject
Project("{2150E333-8FDC-42A3-9474-1A3956D46DE8}") = "migrations", "migrations", "{A1796537-F8D6-4E17-A64E-2504A62272EF}"
EndProject
Project("{FAE04EC0-301F-11D3-BF4B-00C04F79EFBC}") = "MSSQL", "src\Migrations\MSSQL\MSSQL.csproj", "{BF6E92C5-A7DB-65C9-E36A-098A9693D211}"
EndProject
Project("{FAE04EC0-301F-11D3-BF4B-00C04F79EFBC}") = "PostgreSQL", "src\Migrations\PostgreSQL\PostgreSQL.csproj", "{B26FC89B-993D-DDAA-A14B-7DEBEC3B8B96}"
EndProject
Project("{FAE04EC0-301F-11D3-BF4B-00C04F79EFBC}") = "Catalog", "src\Catalog\Catalog.csproj", "{19359820-4327-BF3C-158E-15075E0D991F}"
EndProject
Project("{2150E333-8FDC-42A3-9474-1A3956D46DE8}") = "docs", "docs", "{A8BCF067-95CA-40B2-BF58-428652283E6A}"
	ProjectSection(SolutionItems) = preProject
		docs\docker-cli.md = docs\docker-cli.md
		docs\migrations.md = docs\migrations.md
	EndProjectSection
EndProject
Project("{FAE04EC0-301F-11D3-BF4B-00C04F79EFBC}") = "WebApi", "src\WebApi\WebApi.csproj", "{1B0A04C3-E6BC-0FB7-7994-7C99BDAB1788}"
EndProject
Project("{FAE04EC0-301F-11D3-BF4B-00C04F79EFBC}") = "Sqlite", "src\Migrations\Sqlite\Sqlite.csproj", "{3AE17DC2-7CF7-D8D5-8AA0-5BE9EC859CF3}"
EndProject
Project("{FAE04EC0-301F-11D3-BF4B-00C04F79EFBC}") = "Contracts", "src\Contracts\Contracts.csproj", "{07BC6F43-C15F-E0F2-5973-6F32D66D1A14}"
EndProject
Project("{FAE04EC0-301F-11D3-BF4B-00C04F79EFBC}") = "ServiceDefaults", "src\ServiceDefaults\ServiceDefaults.csproj", "{4B3E4773-D9E7-4873-BF1F-B97C7270F145}"
EndProject
Project("{FAE04EC0-301F-11D3-BF4B-00C04F79EFBC}") = "AppHost", "src\AppHost\AppHost.csproj", "{DAFE932A-0678-4043-8A13-74F7C1A84840}"
EndProject
Project("{2150E333-8FDC-42A3-9474-1A3956D46DE8}") = "client", "client", "{DB2B1207-AD8D-4F35-99C5-B3B930559548}"
EndProject
Project("{FAE04EC0-301F-11D3-BF4B-00C04F79EFBC}") = "HttpApi.Client", "src\ClientApp\HttpApi.Client\HttpApi.Client.csproj", "{BA8DE5E0-3407-2487-67CE-B8F055E07986}"
EndProject
Project("{FAE04EC0-301F-11D3-BF4B-00C04F79EFBC}") = "BlazorWebAssembly", "src\ClientApp\BlazorWebAssembly\BlazorWebAssembly.csproj", "{557589AC-F23A-65D5-FBFA-8165FB113358}"
EndProject
Project("{FAE04EC0-301F-11D3-BF4B-00C04F79EFBC}") = "BlazorComponents", "src\ClientApp\BlazorComponents\BlazorComponents.csproj", "{EB600BD0-80B8-4253-A86B-49D38AF90DFB}"
EndProject
Project("{FAE04EC0-301F-11D3-BF4B-00C04F79EFBC}") = "BlazorServer", "src\ClientApp\BlazorServer\BlazorServer.csproj", "{523BD5DC-A323-42A6-BC81-8CBAE719F4BC}"
EndProject
Global
	GlobalSection(SolutionConfigurationPlatforms) = preSolution
		Debug|Any CPU = Debug|Any CPU
		Release|Any CPU = Release|Any CPU
	EndGlobalSection
	GlobalSection(ProjectConfigurationPlatforms) = postSolution
		{5999AC01-07C7-4585-A281-207A8C1C99BF}.Debug|Any CPU.ActiveCfg = Debug|Any CPU
		{5999AC01-07C7-4585-A281-207A8C1C99BF}.Debug|Any CPU.Build.0 = Debug|Any CPU
		{5999AC01-07C7-4585-A281-207A8C1C99BF}.Release|Any CPU.ActiveCfg = Release|Any CPU
		{5999AC01-07C7-4585-A281-207A8C1C99BF}.Release|Any CPU.Build.0 = Release|Any CPU
		{AA6664E0-01D1-40F7-AF9F-A8A6086791C4}.Debug|Any CPU.ActiveCfg = Debug|Any CPU
		{AA6664E0-01D1-40F7-AF9F-A8A6086791C4}.Debug|Any CPU.Build.0 = Debug|Any CPU
		{AA6664E0-01D1-40F7-AF9F-A8A6086791C4}.Release|Any CPU.ActiveCfg = Release|Any CPU
		{AA6664E0-01D1-40F7-AF9F-A8A6086791C4}.Release|Any CPU.Build.0 = Release|Any CPU
		{3D745DFE-AF9A-E111-755D-FD3FFF280728}.Debug|Any CPU.ActiveCfg = Debug|Any CPU
		{3D745DFE-AF9A-E111-755D-FD3FFF280728}.Debug|Any CPU.Build.0 = Debug|Any CPU
		{3D745DFE-AF9A-E111-755D-FD3FFF280728}.Release|Any CPU.ActiveCfg = Release|Any CPU
		{3D745DFE-AF9A-E111-755D-FD3FFF280728}.Release|Any CPU.Build.0 = Release|Any CPU
		{BF6E92C5-A7DB-65C9-E36A-098A9693D211}.Debug|Any CPU.ActiveCfg = Debug|Any CPU
		{BF6E92C5-A7DB-65C9-E36A-098A9693D211}.Debug|Any CPU.Build.0 = Debug|Any CPU
		{BF6E92C5-A7DB-65C9-E36A-098A9693D211}.Release|Any CPU.ActiveCfg = Release|Any CPU
		{BF6E92C5-A7DB-65C9-E36A-098A9693D211}.Release|Any CPU.Build.0 = Release|Any CPU
		{B26FC89B-993D-DDAA-A14B-7DEBEC3B8B96}.Debug|Any CPU.ActiveCfg = Debug|Any CPU
		{B26FC89B-993D-DDAA-A14B-7DEBEC3B8B96}.Debug|Any CPU.Build.0 = Debug|Any CPU
		{B26FC89B-993D-DDAA-A14B-7DEBEC3B8B96}.Release|Any CPU.ActiveCfg = Release|Any CPU
		{B26FC89B-993D-DDAA-A14B-7DEBEC3B8B96}.Release|Any CPU.Build.0 = Release|Any CPU
		{19359820-4327-BF3C-158E-15075E0D991F}.Debug|Any CPU.ActiveCfg = Debug|Any CPU
		{19359820-4327-BF3C-158E-15075E0D991F}.Debug|Any CPU.Build.0 = Debug|Any CPU
		{19359820-4327-BF3C-158E-15075E0D991F}.Release|Any CPU.ActiveCfg = Release|Any CPU
		{19359820-4327-BF3C-158E-15075E0D991F}.Release|Any CPU.Build.0 = Release|Any CPU
		{1B0A04C3-E6BC-0FB7-7994-7C99BDAB1788}.Debug|Any CPU.ActiveCfg = Debug|Any CPU
		{1B0A04C3-E6BC-0FB7-7994-7C99BDAB1788}.Debug|Any CPU.Build.0 = Debug|Any CPU
		{1B0A04C3-E6BC-0FB7-7994-7C99BDAB1788}.Release|Any CPU.ActiveCfg = Release|Any CPU
		{1B0A04C3-E6BC-0FB7-7994-7C99BDAB1788}.Release|Any CPU.Build.0 = Release|Any CPU
		{3AE17DC2-7CF7-D8D5-8AA0-5BE9EC859CF3}.Debug|Any CPU.ActiveCfg = Debug|Any CPU
		{3AE17DC2-7CF7-D8D5-8AA0-5BE9EC859CF3}.Debug|Any CPU.Build.0 = Debug|Any CPU
		{3AE17DC2-7CF7-D8D5-8AA0-5BE9EC859CF3}.Release|Any CPU.ActiveCfg = Release|Any CPU
		{3AE17DC2-7CF7-D8D5-8AA0-5BE9EC859CF3}.Release|Any CPU.Build.0 = Release|Any CPU
		{07BC6F43-C15F-E0F2-5973-6F32D66D1A14}.Debug|Any CPU.ActiveCfg = Debug|Any CPU
		{07BC6F43-C15F-E0F2-5973-6F32D66D1A14}.Debug|Any CPU.Build.0 = Debug|Any CPU
		{07BC6F43-C15F-E0F2-5973-6F32D66D1A14}.Release|Any CPU.ActiveCfg = Release|Any CPU
		{07BC6F43-C15F-E0F2-5973-6F32D66D1A14}.Release|Any CPU.Build.0 = Release|Any CPU
		{4B3E4773-D9E7-4873-BF1F-B97C7270F145}.Debug|Any CPU.ActiveCfg = Debug|Any CPU
		{4B3E4773-D9E7-4873-BF1F-B97C7270F145}.Debug|Any CPU.Build.0 = Debug|Any CPU
		{4B3E4773-D9E7-4873-BF1F-B97C7270F145}.Release|Any CPU.ActiveCfg = Release|Any CPU
		{4B3E4773-D9E7-4873-BF1F-B97C7270F145}.Release|Any CPU.Build.0 = Release|Any CPU
		{DAFE932A-0678-4043-8A13-74F7C1A84840}.Debug|Any CPU.ActiveCfg = Debug|Any CPU
		{DAFE932A-0678-4043-8A13-74F7C1A84840}.Debug|Any CPU.Build.0 = Debug|Any CPU
		{DAFE932A-0678-4043-8A13-74F7C1A84840}.Release|Any CPU.ActiveCfg = Release|Any CPU
		{DAFE932A-0678-4043-8A13-74F7C1A84840}.Release|Any CPU.Build.0 = Release|Any CPU
		{BA8DE5E0-3407-2487-67CE-B8F055E07986}.Debug|Any CPU.ActiveCfg = Debug|Any CPU
		{BA8DE5E0-3407-2487-67CE-B8F055E07986}.Debug|Any CPU.Build.0 = Debug|Any CPU
		{BA8DE5E0-3407-2487-67CE-B8F055E07986}.Release|Any CPU.ActiveCfg = Release|Any CPU
		{BA8DE5E0-3407-2487-67CE-B8F055E07986}.Release|Any CPU.Build.0 = Release|Any CPU
		{557589AC-F23A-65D5-FBFA-8165FB113358}.Debug|Any CPU.ActiveCfg = Debug|Any CPU
		{557589AC-F23A-65D5-FBFA-8165FB113358}.Debug|Any CPU.Build.0 = Debug|Any CPU
		{557589AC-F23A-65D5-FBFA-8165FB113358}.Release|Any CPU.ActiveCfg = Release|Any CPU
		{557589AC-F23A-65D5-FBFA-8165FB113358}.Release|Any CPU.Build.0 = Release|Any CPU
		{EB600BD0-80B8-4253-A86B-49D38AF90DFB}.Debug|Any CPU.ActiveCfg = Debug|Any CPU
		{EB600BD0-80B8-4253-A86B-49D38AF90DFB}.Debug|Any CPU.Build.0 = Debug|Any CPU
		{EB600BD0-80B8-4253-A86B-49D38AF90DFB}.Release|Any CPU.ActiveCfg = Release|Any CPU
		{EB600BD0-80B8-4253-A86B-49D38AF90DFB}.Release|Any CPU.Build.0 = Release|Any CPU
		{523BD5DC-A323-42A6-BC81-8CBAE719F4BC}.Debug|Any CPU.ActiveCfg = Debug|Any CPU
		{523BD5DC-A323-42A6-BC81-8CBAE719F4BC}.Debug|Any CPU.Build.0 = Debug|Any CPU
		{523BD5DC-A323-42A6-BC81-8CBAE719F4BC}.Release|Any CPU.ActiveCfg = Release|Any CPU
		{523BD5DC-A323-42A6-BC81-8CBAE719F4BC}.Release|Any CPU.Build.0 = Release|Any CPU
	EndGlobalSection
	GlobalSection(SolutionProperties) = preSolution
		HideSolutionNode = FALSE
	EndGlobalSection
	GlobalSection(NestedProjects) = preSolution
		{5999AC01-07C7-4585-A281-207A8C1C99BF} = {02EA681E-C7D8-13C7-8484-4AC65E1B71E8}
		{AA6664E0-01D1-40F7-AF9F-A8A6086791C4} = {02EA681E-C7D8-13C7-8484-4AC65E1B71E8}
		{3D745DFE-AF9A-E111-755D-FD3FFF280728} = {02EA681E-C7D8-13C7-8484-4AC65E1B71E8}
		{A1796537-F8D6-4E17-A64E-2504A62272EF} = {02EA681E-C7D8-13C7-8484-4AC65E1B71E8}
		{BF6E92C5-A7DB-65C9-E36A-098A9693D211} = {A1796537-F8D6-4E17-A64E-2504A62272EF}
		{B26FC89B-993D-DDAA-A14B-7DEBEC3B8B96} = {A1796537-F8D6-4E17-A64E-2504A62272EF}
		{19359820-4327-BF3C-158E-15075E0D991F} = {02EA681E-C7D8-13C7-8484-4AC65E1B71E8}
		{1B0A04C3-E6BC-0FB7-7994-7C99BDAB1788} = {02EA681E-C7D8-13C7-8484-4AC65E1B71E8}
		{3AE17DC2-7CF7-D8D5-8AA0-5BE9EC859CF3} = {A1796537-F8D6-4E17-A64E-2504A62272EF}
		{07BC6F43-C15F-E0F2-5973-6F32D66D1A14} = {02EA681E-C7D8-13C7-8484-4AC65E1B71E8}
		{4B3E4773-D9E7-4873-BF1F-B97C7270F145} = {02EA681E-C7D8-13C7-8484-4AC65E1B71E8}
		{DAFE932A-0678-4043-8A13-74F7C1A84840} = {02EA681E-C7D8-13C7-8484-4AC65E1B71E8}
		{DB2B1207-AD8D-4F35-99C5-B3B930559548} = {02EA681E-C7D8-13C7-8484-4AC65E1B71E8}
		{BA8DE5E0-3407-2487-67CE-B8F055E07986} = {DB2B1207-AD8D-4F35-99C5-B3B930559548}
		{557589AC-F23A-65D5-FBFA-8165FB113358} = {DB2B1207-AD8D-4F35-99C5-B3B930559548}
		{EB600BD0-80B8-4253-A86B-49D38AF90DFB} = {DB2B1207-AD8D-4F35-99C5-B3B930559548}
		{523BD5DC-A323-42A6-BC81-8CBAE719F4BC} = {DB2B1207-AD8D-4F35-99C5-B3B930559548}
	EndGlobalSection
	GlobalSection(ExtensibilityGlobals) = postSolution
		SolutionGuid = {C46F8D43-2A20-4831-9E83-E42588CB9D7D}
	EndGlobalSection
EndGlobal
