<Solution>
  <Folder Name="/Solution Items/">
    <File Path="Directory.Build.props" />
    <File Path="Directory.Packages.props" />
  </Folder>
  <Folder Name="/src/">
    <Project Path="src/Identity.Api/Identity.Api.csproj" />
    <Project Path="src/Identity.Contracts/Identity.Contracts.csproj" />
    <Project Path="src/Infrastructure/Infrastructure.csproj" />
    <Project Path="src/Notifications.Api/Notifications.Api.csproj" />
    <Project Path="src/Notifications.Contracts/Notifications.Contracts.csproj" />
    <Project Path="src/Persistence/Persistence.csproj" />
    <Project Path="src/Shared/Shared.csproj" />
    <Project Path="src/StarterKit.WebApi/StarterKit.WebApi.csproj" />
  </Folder>
  <Folder Name="/src/migrations/">
    <Project Path="src/Migrations/MSSQL/MSSQL.csproj" />
    <Project Path="src/Migrations/PostgreSQL/PostgreSQL.csproj" />
    <Project Path="src/Migrations/Sqlite/Sqlite.csproj" />
  </Folder>
  <Folder Name="/tests/">
    <Project Path="tests/Framework.Tests/Framework.Tests.csproj" />
    <Project Path="tests/Identity.Tests/Identity.Tests.csproj" />
  </Folder>
</Solution>
